
Microsoft Visual Studio Solution File, Format Version 12.00
# Visual Studio 15
VisualStudioVersion = 15.0.28307.852
MinimumVisualStudioVersion = 10.0.40219.1
Project("{FAE04EC0-301F-11D3-BF4B-00C04F79EFBC}") = "sisAllqo", "sisAllqo\sisAllqo.csproj", "{DC94ACEC-8238-49E1-8FD7-DBCDF060C96D}"
EndProject
Project("{FAE04EC0-301F-11D3-BF4B-00C04F79EFBC}") = "WebApplication1", "WebApplication1\WebApplication1.csproj", "{02C2E16A-C032-416E-B0CA-7F4C155CC726}"
EndProject
Global
	GlobalSection(SolutionConfigurationPlatforms) = preSolution
		Debug|Any CPU = Debug|Any CPU
		Release|Any CPU = Release|Any CPU
	EndGlobalSection
	GlobalSection(ProjectConfigurationPlatforms) = postSolution
		{DC94ACEC-8238-49E1-8FD7-DBCDF060C96D}.Debug|Any CPU.ActiveCfg = Debug|Any CPU
		{DC94ACEC-8238-49E1-8FD7-DBCDF060C96D}.Debug|Any CPU.Build.0 = Debug|Any CPU
		{DC94ACEC-8238-49E1-8FD7-DBCDF060C96D}.Release|Any CPU.ActiveCfg = Release|Any CPU
		{DC94ACEC-8238-49E1-8FD7-DBCDF060C96D}.Release|Any CPU.Build.0 = Release|Any CPU
		{02C2E16A-C032-416E-B0CA-7F4C155CC726}.Debug|Any CPU.ActiveCfg = Debug|Any CPU
		{02C2E16A-C032-416E-B0CA-7F4C155CC726}.Debug|Any CPU.Build.0 = Debug|Any CPU
		{02C2E16A-C032-416E-B0CA-7F4C155CC726}.Release|Any CPU.ActiveCfg = Release|Any CPU
		{02C2E16A-C032-416E-B0CA-7F4C155CC726}.Release|Any CPU.Build.0 = Release|Any CPU
	EndGlobalSection
	GlobalSection(SolutionProperties) = preSolution
		HideSolutionNode = FALSE
	EndGlobalSection
	GlobalSection(ExtensibilityGlobals) = postSolution
		SolutionGuid = {21DAD721-F3C1-4A20-B3EA-7D6EF69C7536}
	EndGlobalSection
EndGlobal
